<?xml version="1.0" encoding="utf-8"?>
<Project ToolsVersion="4.0" xmlns="http://schemas.microsoft.com/developer/msbuild/2003">
  <ItemGroup>
    <Filter Include="core">
      <UniqueIdentifier>{d8e499bd-37ed-4d69-874c-72c20b9b172b}</UniqueIdentifier>
    </Filter>
    <Filter Include="include">
      <UniqueIdentifier>{2e7a9000-5101-48da-b2cf-fd6c558fba16}</UniqueIdentifier>
    </Filter>
    <Filter Include="world">
      <UniqueIdentifier>{3863df0c-df01-487d-a877-b9b2b3d9efa0}</UniqueIdentifier>
    </Filter>
    <Filter Include="objects">
      <UniqueIdentifier>{c18549bb-562b-4ab6-b189-dfc34cffa682}</UniqueIdentifier>
    </Filter>
    <Filter Include="ogg">
      <UniqueIdentifier>{8e979c27-9183-425e-aa9c-3d4082c50c6c}</UniqueIdentifier>
    </Filter>
    <Filter Include="cooker">
      <UniqueIdentifier>{f8246e3f-d8d6-4fdd-b43b-cbfe9f797a2b}</UniqueIdentifier>
    </Filter>
    <Filter Include="commands">
      <UniqueIdentifier>{a63923c2-cc66-4905-809e-242daab8991a}</UniqueIdentifier>
    </Filter>
  </ItemGroup>
  <ItemGroup>
    <ClCompile Include="pch.cpp">
      <Filter>core</Filter>
    </ClCompile>
    <ClCompile Include="sound_library_linkage.cpp">
      <Filter>core</Filter>
    </ClCompile>
    <ClCompile Include="sound_world.cpp">
      <Filter>world</Filter>
    </ClCompile>
    <ClCompile Include="sound_world_command_processor.cpp">
      <Filter>world</Filter>
    </ClCompile>
    <ClCompile Include="sound_object.cpp">
      <Filter>objects</Filter>
    </ClCompile>
    <ClCompile Include="sound_object_callback.cpp">
      <Filter>objects</Filter>
    </ClCompile>
    <ClCompile Include="sound_stream.cpp">
      <Filter>objects</Filter>
    </ClCompile>
    <ClCompile Include="sound_stream_rms.cpp">
      <Filter>objects</Filter>
    </ClCompile>
    <ClCompile Include="ogg_utils.cpp">
      <Filter>ogg</Filter>
    </ClCompile>
    <ClCompile Include="ogg_source_cooker.cpp">
      <Filter>cooker</Filter>
    </ClCompile>
    <ClCompile Include="sound_cooker.cpp">
      <Filter>cooker</Filter>
    </ClCompile>
    <ClCompile Include="sound_stream_cooker.cpp">
      <Filter>cooker</Filter>
    </ClCompile>
    <ClCompile Include="sound_object_commands.cpp">
      <Filter>commands</Filter>
    </ClCompile>
    <ClCompile Include="sound_entry_point.cpp" />
  </ItemGroup>
  <ItemGroup>
    <ClInclude Include="pch.h">
      <Filter>core</Filter>
    </ClInclude>
    <ClInclude Include="sound_memory.h">
      <Filter>core</Filter>
    </ClInclude>
    <ClInclude Include="..\api.h">
      <Filter>include</Filter>
    </ClInclude>
    <ClInclude Include="..\engine.h">
      <Filter>include</Filter>
    </ClInclude>
    <ClInclude Include="..\library_linkage.h">
      <Filter>include</Filter>
    </ClInclude>
    <ClInclude Include="..\sound.h">
      <Filter>include</Filter>
    </ClInclude>
    <ClInclude Include="..\world.h">
      <Filter>include</Filter>
    </ClInclude>
    <ClInclude Include="sound_world.h">
      <Filter>world</Filter>
    </ClInclude>
    <ClInclude Include="sound_world_inline.h">
      <Filter>world</Filter>
    </ClInclude>
    <ClInclude Include="sound_object.h">
      <Filter>objects</Filter>
    </ClInclude>
    <ClInclude Include="sound_stream.h">
      <Filter>objects</Filter>
    </ClInclude>
    <ClInclude Include="ogg_utils.h">
      <Filter>ogg</Filter>
    </ClInclude>
    <ClInclude Include="ogg_source_cooker.h">
      <Filter>cooker</Filter>
    </ClInclude>
    <ClInclude Include="sound_cooker.h">
      <Filter>cooker</Filter>
    </ClInclude>
    <ClInclude Include="sound_stream_cooker.h">
      <Filter>cooker</Filter>
    </ClInclude>
    <ClInclude Include="sound_object_commands.h">
      <Filter>commands</Filter>
    </ClInclude>
  </ItemGroup>
</Project>