<?xml version="1.0" encoding="utf-8"?>
<Project ToolsVersion="4.0" xmlns="http://schemas.microsoft.com/developer/msbuild/2003">
  <ItemGroup>
    <Filter Include="include">
      <UniqueIdentifier>{dd110b41-3296-4181-9bc2-ece87aeb0c03}</UniqueIdentifier>
    </Filter>
  </ItemGroup>
  <ItemGroup>
    <ClInclude Include="..\library_linkage.h">
      <Filter>include</Filter>
    </ClInclude>
    <ClInclude Include="linkage_resolver.h" />
  </ItemGroup>
  <ItemGroup>
    <ClCompile Include="engine_pc_entry_point.cpp" />
  </ItemGroup>
</Project>